
Microsoft Visual Studio Solution File, Format Version 12.00
# Visual Studio Version 16
VisualStudioVersion = 16.0.31205.134
MinimumVisualStudioVersion = 10.0.40219.1
Project("{9A19103F-16F7-4668-BE54-9A1E7A4F7556}") = "Gift and Salary cards", "Gift and Salary cards\Gift and Salary cards.csproj", "{7F078DBF-08EA-4EA6-B0F0-E61224CF38FD}"
EndProject
Project("{2150E333-8FDC-42A3-9474-1A3956D46DE8}") = "Solution Items", "Solution Items", "{C8D25A5F-09BA-449D-9A5F-78253E2D4891}"
	ProjectSection(SolutionItems) = preProject
		.editorconfig = .editorconfig
	EndProjectSection
EndProject
Global
	GlobalSection(SolutionConfigurationPlatforms) = preSolution
		Debug|Any CPU = Debug|Any CPU
		Release|Any CPU = Release|Any CPU
	EndGlobalSection
	GlobalSection(ProjectConfigurationPlatforms) = postSolution
		{7F078DBF-08EA-4EA6-B0F0-E61224CF38FD}.Debug|Any CPU.ActiveCfg = Debug|Any CPU
		{7F078DBF-08EA-4EA6-B0F0-E61224CF38FD}.Debug|Any CPU.Build.0 = Debug|Any CPU
		{7F078DBF-08EA-4EA6-B0F0-E61224CF38FD}.Release|Any CPU.ActiveCfg = Release|Any CPU
		{7F078DBF-08EA-4EA6-B0F0-E61224CF38FD}.Release|Any CPU.Build.0 = Release|Any CPU
	EndGlobalSection
	GlobalSection(SolutionProperties) = preSolution
		HideSolutionNode = FALSE
	EndGlobalSection
	GlobalSection(ExtensibilityGlobals) = postSolution
		SolutionGuid = {A589B3A9-8E50-4192-A35C-766BD77E4300}
	EndGlobalSection
EndGlobal
